<?xml version="1.0" encoding="utf-8"?>
<Project ToolsVersion="4.0" xmlns="http://schemas.microsoft.com/developer/msbuild/2003">
  <ItemGroup>
    <Filter Include="Source Files">
      <UniqueIdentifier>{4FC737F1-C7A5-4376-A066-2A32D752A2FF}</UniqueIdentifier>
      <Extensions>cpp;c;cc;cxx;c++;cppm;ixx;def;odl;idl;hpj;bat;asm;asmx</Extensions>
    </Filter>
    <Filter Include="Header Files">
      <UniqueIdentifier>{93995380-89BD-4b04-88EB-625FBE52EBFB}</UniqueIdentifier>
      <Extensions>h;hh;hpp;hxx;h++;hm;inl;inc;ipp;xsd</Extensions>
    </Filter>
    <Filter Include="Resource Files">
      <UniqueIdentifier>{67DA6AB6-F800-4c08-8B7A-83BB121AAD01}</UniqueIdentifier>
      <Extensions>rc;ico;cur;bmp;dlg;rc2;rct;bin;rgs;gif;jpg;jpeg;jpe;resx;tiff;tif;png;wav;mfcribbon-ms</Extensions>
    </Filter>
    <Filter Include="Source Files\Objects">
      <UniqueIdentifier>{fab8258b-7430-4257-b638-3ccac39e954c}</UniqueIdentifier>
    </Filter>
    <Filter Include="Source Files\Renderer">
      <UniqueIdentifier>{c0260ccc-f2aa-4381-b598-023ba237d763}</UniqueIdentifier>
    </Filter>
    <Filter Include="Header Files\Math">
      <UniqueIdentifier>{02a8e7f9-c75e-4e72-b7d4-ffa4442e292b}</UniqueIdentifier>
    </Filter>
    <Filter Include="Source Files\Physics">
      <UniqueIdentifier>{036a2dc0-a94a-49d1-a714-fb7b4c9bd7c1}</UniqueIdentifier>
    </Filter>
    <Filter Include="Source Files\Input">
      <UniqueIdentifier>{c326954c-a2ef-49d5-87f5-e6cd0bce20af}</UniqueIdentifier>
    </Filter>
    <Filter Include="Source Files\Objects\Shapes">
      <UniqueIdentifier>{974dfefc-b5c0-42f7-8651-e3c3aa095205}</UniqueIdentifier>
    </Filter>
    <Filter Include="Header Files\Input">
      <UniqueIdentifier>{8eb0067d-568e-4fa2-8835-edbfc39cf2b1}</UniqueIdentifier>
    </Filter>
    <Filter Include="Header Files\Physics">
      <UniqueIdentifier>{f3848f56-8565-4eba-a8ee-20b8bb43aaa5}</UniqueIdentifier>
    </Filter>
    <Filter Include="Header Files\Renderer">
      <UniqueIdentifier>{3646972e-5bf6-49b7-b67d-a98fdcdd2e94}</UniqueIdentifier>
    </Filter>
    <Filter Include="Header Files\Demo">
      <UniqueIdentifier>{b21abf22-88b5-4c70-934d-ba9441a90ffa}</UniqueIdentifier>
    </Filter>
    <Filter Include="Header Files\Objects">
      <UniqueIdentifier>{daab7e4e-b4c1-4494-82d1-d988cddbae7b}</UniqueIdentifier>
    </Filter>
    <Filter Include="Source Files\Demo">
      <UniqueIdentifier>{034a92fe-7c9e-4956-b468-c81c59b43ba4}</UniqueIdentifier>
    </Filter>
    <Filter Include="Header Files\Objects\Shapes">
      <UniqueIdentifier>{1818279e-ced8-4300-96de-a7ceb3066875}</UniqueIdentifier>
    </Filter>
    <Filter Include="Source Files\Util">
      <UniqueIdentifier>{6b764dc4-e9c3-482c-af3d-4527a8d19be8}</UniqueIdentifier>
    </Filter>
    <Filter Include="Header Files\Util">
      <UniqueIdentifier>{2925db7f-dc8e-4c44-8bac-3a824e265b1b}</UniqueIdentifier>
    </Filter>
    <Filter Include="Header Files\TimeStep">
      <UniqueIdentifier>{f738e99b-0e7c-4aec-8aed-02da60fe0295}</UniqueIdentifier>
    </Filter>
    <Filter Include="Source Files\TimeStep">
      <UniqueIdentifier>{60a88a59-520b-4128-b3a4-511072dd6b77}</UniqueIdentifier>
    </Filter>
  </ItemGroup>
  <ItemGroup>
    <ClCompile Include="GameEngine.cpp">
      <Filter>Source Files</Filter>
    </ClCompile>
    <ClCompile Include="GameRenderer.cpp">
      <Filter>Source Files\Renderer</Filter>
    </ClCompile>
    <ClCompile Include="RenderComponent.cpp">
      <Filter>Source Files\Renderer</Filter>
    </ClCompile>
    <ClCompile Include="GamePhysics.cpp">
      <Filter>Source Files\Physics</Filter>
    </ClCompile>
    <ClCompile Include="PhysicsComponent.cpp">
      <Filter>Source Files\Physics</Filter>
    </ClCompile>
    <ClCompile Include="GameInputHandler.cpp">
      <Filter>Source Files\Input</Filter>
    </ClCompile>
    <ClCompile Include="GameObject.cpp">
      <Filter>Source Files\Objects</Filter>
    </ClCompile>
    <ClCompile Include="Shape.cpp">
      <Filter>Source Files\Objects\Shapes</Filter>
    </ClCompile>
    <ClCompile Include="BoxComponent.cpp">
      <Filter>Source Files\Objects\Shapes</Filter>
    </ClCompile>
    <ClCompile Include="CircleComponent.cpp">
      <Filter>Source Files\Objects\Shapes</Filter>
    </ClCompile>
    <ClCompile Include="TriangleComponent.cpp">
      <Filter>Source Files\Objects\Shapes</Filter>
    </ClCompile>
    <ClCompile Include="MovementComponent.cpp">
      <Filter>Source Files\Input</Filter>
    </ClCompile>
    <ClCompile Include="GameMovement.cpp">
      <Filter>Source Files\Input</Filter>
    </ClCompile>
    <ClCompile Include="Player.cpp">
      <Filter>Source Files\Demo</Filter>
    </ClCompile>
    <ClCompile Include="Wall.cpp">
      <Filter>Source Files\Demo</Filter>
    </ClCompile>
    <ClCompile Include="Enemy.cpp">
      <Filter>Source Files\Demo</Filter>
    </ClCompile>
    <ClCompile Include="UUID.cpp">
      <Filter>Source Files\Util</Filter>
    </ClCompile>
    <ClCompile Include="GameObjectHandler.cpp">
      <Filter>Source Files\Objects</Filter>
    </ClCompile>
    <ClCompile Include="Component.cpp">
      <Filter>Source Files\Util</Filter>
    </ClCompile>
    <ClCompile Include="GameTimeStep.cpp">
      <Filter>Source Files\TimeStep</Filter>
    </ClCompile>
    <ClCompile Include="Ball.cpp">
      <Filter>Source Files\Demo</Filter>
    </ClCompile>
    <ClCompile Include="PhysicsBounce.cpp">
      <Filter>Source Files\Physics</Filter>
    </ClCompile>
    <ClCompile Include="AutoMovement.cpp">
      <Filter>Source Files\Input</Filter>
    </ClCompile>
  </ItemGroup>
  <ItemGroup>
    <ClInclude Include="Vector2.h">
      <Filter>Header Files\Math</Filter>
    </ClInclude>
    <ClInclude Include="Color3.h">
      <Filter>Header Files\Math</Filter>
    </ClInclude>
    <ClInclude Include="PhysicsComponent.h">
      <Filter>Header Files\Physics</Filter>
    </ClInclude>
    <ClInclude Include="GamePhysics.h">
      <Filter>Header Files\Physics</Filter>
    </ClInclude>
    <ClInclude Include="GameRenderer.h">
      <Filter>Header Files\Renderer</Filter>
    </ClInclude>
    <ClInclude Include="RenderComponent.h">
      <Filter>Header Files\Renderer</Filter>
    </ClInclude>
    <ClInclude Include="MovementComponent.h">
      <Filter>Header Files\Input</Filter>
    </ClInclude>
    <ClInclude Include="GameObject.h">
      <Filter>Header Files\Objects</Filter>
    </ClInclude>
    <ClInclude Include="GameInputHandler.h">
      <Filter>Header Files\Input</Filter>
    </ClInclude>
    <ClInclude Include="GameMovement.h">
      <Filter>Header Files\Input</Filter>
    </ClInclude>
    <ClInclude Include="Enemy.h">
      <Filter>Header Files\Demo</Filter>
    </ClInclude>
    <ClInclude Include="Player.h">
      <Filter>Header Files\Demo</Filter>
    </ClInclude>
    <ClInclude Include="Wall.h">
      <Filter>Header Files\Demo</Filter>
    </ClInclude>
    <ClInclude Include="BoxComponent.h">
      <Filter>Header Files\Objects\Shapes</Filter>
    </ClInclude>
    <ClInclude Include="CircleComponent.h">
      <Filter>Header Files\Objects\Shapes</Filter>
    </ClInclude>
    <ClInclude Include="Shape.h">
      <Filter>Header Files\Objects\Shapes</Filter>
    </ClInclude>
    <ClInclude Include="TriangleComponent.h">
      <Filter>Header Files\Objects\Shapes</Filter>
    </ClInclude>
    <ClInclude Include="UUID.h">
      <Filter>Header Files\Util</Filter>
    </ClInclude>
    <ClInclude Include="GameObjectHandler.h">
      <Filter>Header Files\Objects</Filter>
    </ClInclude>
    <ClInclude Include="GameEngine.h">
      <Filter>Header Files</Filter>
    </ClInclude>
    <ClInclude Include="Minkowsi.h">
      <Filter>Header Files\Physics</Filter>
    </ClInclude>
    <ClInclude Include="Component.h">
      <Filter>Header Files\Util</Filter>
    </ClInclude>
    <ClInclude Include="GameTimeStep.h">
      <Filter>Header Files\TimeStep</Filter>
    </ClInclude>
    <ClInclude Include="Structs.h">
      <Filter>Header Files\Util</Filter>
    </ClInclude>
    <ClInclude Include="Enums.h">
      <Filter>Header Files\Util</Filter>
    </ClInclude>
    <ClInclude Include="Ball.h">
      <Filter>Header Files\Demo</Filter>
    </ClInclude>
    <ClInclude Include="resource.h">
      <Filter>Header Files</Filter>
    </ClInclude>
    <ClInclude Include="PhysicsBounce.h">
      <Filter>Header Files\Physics</Filter>
    </ClInclude>
    <ClInclude Include="AutoMovement.h">
      <Filter>Header Files\Input</Filter>
    </ClInclude>
  </ItemGroup>
  <ItemGroup>
    <ResourceCompile Include="GameEngine.rc">
      <Filter>Resource Files</Filter>
    </ResourceCompile>
  </ItemGroup>
</Project>